{
    "_meta": {
        "hash": {
            "sha256": "6f57a01c70f444b86e8c1254882495145dc43075096316aeee791ae8b486fbed"
        },
        "pipfile-spec": 6,
        "requires": {
            "python_version": "3.11"
        },
        "sources": [
            {
                "name": "pypi",
                "url": "https://pypi.org/simple",
                "verify_ssl": true
            }
        ]
    },
    "default": {
        "pyperclip": {
            "hashes": [
                "sha256:105254a8b04934f0bc84e9c24eb360a591aaf6535c9def5f29d92af107a9bf57"
            ],
            "index": "pypi",
            "version": "==1.8.2"
        },
        "wonderwords": {
            "hashes": [
                "sha256:0b7ec6f591062afc55603bfea71463afbab06794b3064d9f7b04d0ce251a13d0",
                "sha256:65fc665f1f5590e98f6d9259414ea036bf1b6dd83e51aa6ba44473c99ca92da1"
            ],
            "index": "pypi",
            "version": "==2.2.0"
        }
    },
    "develop": {}
}
